// !$*UTF8*$!
{
	archiveVersion = 1;
	classes = {
	};
	objectVersion = 46;
	objects = {

/* Begin PBXBuildFile section */
		BA52A90E1F5E50B7001E7608 /* main.m in Sources */ = {isa = PBXBuildFile; fileRef = BA52A90D1F5E50B7001E7608 /* main.m */; };
		BA52A9111F5E50B7001E7608 /* AppDelegate.m in Sources */ = {isa = PBXBuildFile; fileRef = BA52A9101F5E50B7001E7608 /* AppDelegate.m */; };
		BA52A9141F5E50B7001E7608 /* ViewController.m in Sources */ = {isa = PBXBuildFile; fileRef = BA52A9131F5E50B7001E7608 /* ViewController.m */; };
		BA52A9171F5E50B7001E7608 /* Main.storyboard in Resources */ = {isa = PBXBuildFile; fileRef = BA52A9151F5E50B7001E7608 /* Main.storyboard */; };
		BA52A9191F5E50B7001E7608 /* Assets.xcassets in Resources */ = {isa = PBXBuildFile; fileRef = BA52A9181F5E50B7001E7608 /* Assets.xcassets */; };
		BA52A91C1F5E50B7001E7608 /* LaunchScreen.storyboard in Resources */ = {isa = PBXBuildFile; fileRef = BA52A91A1F5E50B7001E7608 /* LaunchScreen.storyboard */; };
		BAFAD53E1FA8621800B8C9E5 /* BaseTabBarViewController.m in Sources */ = {isa = PBXBuildFile; fileRef = BAFAD53D1FA8621800B8C9E5 /* BaseTabBarViewController.m */; };
		BAFAD54D1FA867E800B8C9E5 /* BaseStarBucksViewController.m in Sources */ = {isa = PBXBuildFile; fileRef = BAFAD54C1FA867E800B8C9E5 /* BaseStarBucksViewController.m */; };
		BAFAD5501FA8683F00B8C9E5 /* HomeViewController.m in Sources */ = {isa = PBXBuildFile; fileRef = BAFAD54F1FA8683F00B8C9E5 /* HomeViewController.m */; };
		BAFAD5531FA8688700B8C9E5 /* AccountViewController.m in Sources */ = {isa = PBXBuildFile; fileRef = BAFAD5521FA8688700B8C9E5 /* AccountViewController.m */; };
		BAFAD5561FA868B100B8C9E5 /* StarGiftCardViewController.m in Sources */ = {isa = PBXBuildFile; fileRef = BAFAD5551FA868B100B8C9E5 /* StarGiftCardViewController.m */; };
		BAFAD5591FA86D7D00B8C9E5 /* StoresViewController.m in Sources */ = {isa = PBXBuildFile; fileRef = BAFAD5581FA86D7D00B8C9E5 /* StoresViewController.m */; };
/* End PBXBuildFile section */

/* Begin PBXFileReference section */
		BA52A9091F5E50B7001E7608 /* testWeChat.app */ = {isa = PBXFileReference; explicitFileType = wrapper.application; includeInIndex = 0; path = testWeChat.app; sourceTree = BUILT_PRODUCTS_DIR; };
		BA52A90D1F5E50B7001E7608 /* main.m */ = {isa = PBXFileReference; lastKnownFileType = sourcecode.c.objc; path = main.m; sourceTree = "<group>"; };
		BA52A90F1F5E50B7001E7608 /* AppDelegate.h */ = {isa = PBXFileReference; lastKnownFileType = sourcecode.c.h; path = AppDelegate.h; sourceTree = "<group>"; };
		BA52A9101F5E50B7001E7608 /* AppDelegate.m */ = {isa = PBXFileReference; lastKnownFileType = sourcecode.c.objc; path = AppDelegate.m; sourceTree = "<group>"; };
		BA52A9121F5E50B7001E7608 /* ViewController.h */ = {isa = PBXFileReference; lastKnownFileType = sourcecode.c.h; path = ViewController.h; sourceTree = "<group>"; };
		BA52A9131F5E50B7001E7608 /* ViewController.m */ = {isa = PBXFileReference; lastKnownFileType = sourcecode.c.objc; path = ViewController.m; sourceTree = "<group>"; };
		BA52A9161F5E50B7001E7608 /* Base */ = {isa = PBXFileReference; lastKnownFileType = file.storyboard; name = Base; path = Base.lproj/Main.storyboard; sourceTree = "<group>"; };
		BA52A9181F5E50B7001E7608 /* Assets.xcassets */ = {isa = PBXFileReference; lastKnownFileType = folder.assetcatalog; path = Assets.xcassets; sourceTree = "<group>"; };
		BA52A91B1F5E50B7001E7608 /* Base */ = {isa = PBXFileReference; lastKnownFileType = file.storyboard; name = Base; path = Base.lproj/LaunchScreen.storyboard; sourceTree = "<group>"; };
		BA52A91D1F5E50B7001E7608 /* Info.plist */ = {isa = PBXFileReference; lastKnownFileType = text.plist.xml; path = Info.plist; sourceTree = "<group>"; };
		BAFAD53C1FA8621800B8C9E5 /* BaseTabBarViewController.h */ = {isa = PBXFileReference; lastKnownFileType = sourcecode.c.h; path = BaseTabBarViewController.h; sourceTree = "<group>"; };
		BAFAD53D1FA8621800B8C9E5 /* BaseTabBarViewController.m */ = {isa = PBXFileReference; lastKnownFileType = sourcecode.c.objc; path = BaseTabBarViewController.m; sourceTree = "<group>"; };
		BAFAD54B1FA867E800B8C9E5 /* BaseStarBucksViewController.h */ = {isa = PBXFileReference; lastKnownFileType = sourcecode.c.h; path = BaseStarBucksViewController.h; sourceTree = "<group>"; };
		BAFAD54C1FA867E800B8C9E5 /* BaseStarBucksViewController.m */ = {isa = PBXFileReference; lastKnownFileType = sourcecode.c.objc; path = BaseStarBucksViewController.m; sourceTree = "<group>"; };
		BAFAD54E1FA8683F00B8C9E5 /* HomeViewController.h */ = {isa = PBXFileReference; lastKnownFileType = sourcecode.c.h; path = HomeViewController.h; sourceTree = "<group>"; };
		BAFAD54F1FA8683F00B8C9E5 /* HomeViewController.m */ = {isa = PBXFileReference; lastKnownFileType = sourcecode.c.objc; path = HomeViewController.m; sourceTree = "<group>"; };
		BAFAD5511FA8688700B8C9E5 /* AccountViewController.h */ = {isa = PBXFileReference; lastKnownFileType = sourcecode.c.h; path = AccountViewController.h; sourceTree = "<group>"; };
		BAFAD5521FA8688700B8C9E5 /* AccountViewController.m */ = {isa = PBXFileReference; lastKnownFileType = sourcecode.c.objc; path = AccountViewController.m; sourceTree = "<group>"; };
		BAFAD5541FA868B100B8C9E5 /* StarGiftCardViewController.h */ = {isa = PBXFileReference; lastKnownFileType = sourcecode.c.h; path = StarGiftCardViewController.h; sourceTree = "<group>"; };
		BAFAD5551FA868B100B8C9E5 /* StarGiftCardViewController.m */ = {isa = PBXFileReference; lastKnownFileType = sourcecode.c.objc; path = StarGiftCardViewController.m; sourceTree = "<group>"; };
		BAFAD5571FA86D7D00B8C9E5 /* StoresViewController.h */ = {isa = PBXFileReference; lastKnownFileType = sourcecode.c.h; path = StoresViewController.h; sourceTree = "<group>"; };
		BAFAD5581FA86D7D00B8C9E5 /* StoresViewController.m */ = {isa = PBXFileReference; lastKnownFileType = sourcecode.c.objc; path = StoresViewController.m; sourceTree = "<group>"; };
/* End PBXFileReference section */

/* Begin PBXFrameworksBuildPhase section */
		BA52A9061F5E50B7001E7608 /* Frameworks */ = {
			isa = PBXFrameworksBuildPhase;
			buildActionMask = 2147483647;
			files = (
			);
			runOnlyForDeploymentPostprocessing = 0;
		};
/* End PBXFrameworksBuildPhase section */

/* Begin PBXGroup section */
		BA52A9001F5E50B7001E7608 = {
			isa = PBXGroup;
			children = (
				BA52A90B1F5E50B7001E7608 /* testWeChat */,
				BA52A90A1F5E50B7001E7608 /* Products */,
			);
			sourceTree = "<group>";
		};
		BA52A90A1F5E50B7001E7608 /* Products */ = {
			isa = PBXGroup;
			children = (
				BA52A9091F5E50B7001E7608 /* testWeChat.app */,
			);
			name = Products;
			sourceTree = "<group>";
		};
		BA52A90B1F5E50B7001E7608 /* testWeChat */ = {
			isa = PBXGroup;
			children = (
				BAFAD5311FA860E500B8C9E5 /* TestDelegate */,
				BAFAD5321FA8612400B8C9E5 /* Modules */,
				BAFAD5371FA8619200B8C9E5 /* Tools */,
				BA52A9121F5E50B7001E7608 /* ViewController.h */,
				BA52A9131F5E50B7001E7608 /* ViewController.m */,
				BA52A9151F5E50B7001E7608 /* Main.storyboard */,
				BA52A9181F5E50B7001E7608 /* Assets.xcassets */,
				BA52A91A1F5E50B7001E7608 /* LaunchScreen.storyboard */,
				BA52A91D1F5E50B7001E7608 /* Info.plist */,
				BA52A90C1F5E50B7001E7608 /* Supporting Files */,
			);
			path = testWeChat;
			sourceTree = "<group>";
		};
		BA52A90C1F5E50B7001E7608 /* Supporting Files */ = {
			isa = PBXGroup;
			children = (
				BA52A90D1F5E50B7001E7608 /* main.m */,
			);
			name = "Supporting Files";
			sourceTree = "<group>";
		};
		BAFAD5311FA860E500B8C9E5 /* TestDelegate */ = {
			isa = PBXGroup;
			children = (
				BA52A90F1F5E50B7001E7608 /* AppDelegate.h */,
				BA52A9101F5E50B7001E7608 /* AppDelegate.m */,
			);
			path = TestDelegate;
			sourceTree = "<group>";
		};
		BAFAD5321FA8612400B8C9E5 /* Modules */ = {
			isa = PBXGroup;
			children = (
				BAFAD53F1FA866AF00B8C9E5 /* Stores */,
				BAFAD5341FA8612400B8C9E5 /* Home */,
				BAFAD5351FA8612400B8C9E5 /* StarGiftCard */,
				BAFAD5331FA8612400B8C9E5 /* Account */,
			);
			path = Modules;
			sourceTree = "<group>";
		};
		BAFAD5331FA8612400B8C9E5 /* Account */ = {
			isa = PBXGroup;
			children = (
				BAFAD54A1FA867B200B8C9E5 /* AccountModel */,
				BAFAD5491FA867A700B8C9E5 /* AccountView */,
				BAFAD5481FA8679A00B8C9E5 /* AccountViewController */,
			);
			path = Account;
			sourceTree = "<group>";
		};
		BAFAD5341FA8612400B8C9E5 /* Home */ = {
			isa = PBXGroup;
			children = (
				BAFAD5451FA8675B00B8C9E5 /* HomeView */,
				BAFAD5441FA8675300B8C9E5 /* HomeModel */,
				BAFAD5431FA8674100B8C9E5 /* HomeViewCotroller */,
			);
			path = Home;
			sourceTree = "<group>";
		};
		BAFAD5351FA8612400B8C9E5 /* StarGiftCard */ = {
			isa = PBXGroup;
			children = (
				BAFAD5471FA8677C00B8C9E5 /* StarGiftCardModel */,
				BAFAD5461FA8676400B8C9E5 /* StarGiftCardView */,
				BAFAD5361FA8612400B8C9E5 /* StarGiftCardViewController */,
			);
			path = StarGiftCard;
			sourceTree = "<group>";
		};
		BAFAD5361FA8612400B8C9E5 /* StarGiftCardViewController */ = {
			isa = PBXGroup;
			children = (
				BAFAD5541FA868B100B8C9E5 /* StarGiftCardViewController.h */,
				BAFAD5551FA868B100B8C9E5 /* StarGiftCardViewController.m */,
			);
			path = StarGiftCardViewController;
			sourceTree = "<group>";
		};
		BAFAD5371FA8619200B8C9E5 /* Tools */ = {
			isa = PBXGroup;
			children = (
				BAFAD5381FA8619200B8C9E5 /* BaseClass */,
				BAFAD5391FA8619200B8C9E5 /* Category */,
				BAFAD53A1FA8619200B8C9E5 /* Network */,
				BAFAD53B1FA8619200B8C9E5 /* Tool */,
			);
			path = Tools;
			sourceTree = "<group>";
		};
		BAFAD5381FA8619200B8C9E5 /* BaseClass */ = {
			isa = PBXGroup;
			children = (
				BAFAD53C1FA8621800B8C9E5 /* BaseTabBarViewController.h */,
				BAFAD53D1FA8621800B8C9E5 /* BaseTabBarViewController.m */,
				BAFAD54B1FA867E800B8C9E5 /* BaseStarBucksViewController.h */,
				BAFAD54C1FA867E800B8C9E5 /* BaseStarBucksViewController.m */,
			);
			path = BaseClass;
			sourceTree = "<group>";
		};
		BAFAD5391FA8619200B8C9E5 /* Category */ = {
			isa = PBXGroup;
			children = (
			);
			path = Category;
			sourceTree = "<group>";
		};
		BAFAD53A1FA8619200B8C9E5 /* Network */ = {
			isa = PBXGroup;
			children = (
			);
			path = Network;
			sourceTree = "<group>";
		};
		BAFAD53B1FA8619200B8C9E5 /* Tool */ = {
			isa = PBXGroup;
			children = (
			);
			path = Tool;
			sourceTree = "<group>";
		};
		BAFAD53F1FA866AF00B8C9E5 /* Stores */ = {
			isa = PBXGroup;
			children = (
				BAFAD5421FA8672300B8C9E5 /* StoresViews */,
				BAFAD5411FA8671600B8C9E5 /* StoresModel */,
				BAFAD5401FA866F700B8C9E5 /* StoresViewController */,
			);
			path = Stores;
			sourceTree = "<group>";
		};
		BAFAD5401FA866F700B8C9E5 /* StoresViewController */ = {
			isa = PBXGroup;
			children = (
				BAFAD5571FA86D7D00B8C9E5 /* StoresViewController.h */,
				BAFAD5581FA86D7D00B8C9E5 /* StoresViewController.m */,
			);
			path = StoresViewController;
			sourceTree = "<group>";
		};
		BAFAD5411FA8671600B8C9E5 /* StoresModel */ = {
			isa = PBXGroup;
			children = (
			);
			path = StoresModel;
			sourceTree = "<group>";
		};
		BAFAD5421FA8672300B8C9E5 /* StoresViews */ = {
			isa = PBXGroup;
			children = (
			);
			path = StoresViews;
			sourceTree = "<group>";
		};
		BAFAD5431FA8674100B8C9E5 /* HomeViewCotroller */ = {
			isa = PBXGroup;
			children = (
				BAFAD54E1FA8683F00B8C9E5 /* HomeViewController.h */,
				BAFAD54F1FA8683F00B8C9E5 /* HomeViewController.m */,
			);
			path = HomeViewCotroller;
			sourceTree = "<group>";
		};
		BAFAD5441FA8675300B8C9E5 /* HomeModel */ = {
			isa = PBXGroup;
			children = (
			);
			path = HomeModel;
			sourceTree = "<group>";
		};
		BAFAD5451FA8675B00B8C9E5 /* HomeView */ = {
			isa = PBXGroup;
			children = (
			);
			path = HomeView;
			sourceTree = "<group>";
		};
		BAFAD5461FA8676400B8C9E5 /* StarGiftCardView */ = {
			isa = PBXGroup;
			children = (
			);
			path = StarGiftCardView;
			sourceTree = "<group>";
		};
		BAFAD5471FA8677C00B8C9E5 /* StarGiftCardModel */ = {
			isa = PBXGroup;
			children = (
			);
			path = StarGiftCardModel;
			sourceTree = "<group>";
		};
		BAFAD5481FA8679A00B8C9E5 /* AccountViewController */ = {
			isa = PBXGroup;
			children = (
				BAFAD5511FA8688700B8C9E5 /* AccountViewController.h */,
				BAFAD5521FA8688700B8C9E5 /* AccountViewController.m */,
			);
			path = AccountViewController;
			sourceTree = "<group>";
		};
		BAFAD5491FA867A700B8C9E5 /* AccountView */ = {
			isa = PBXGroup;
			children = (
			);
			path = AccountView;
			sourceTree = "<group>";
		};
		BAFAD54A1FA867B200B8C9E5 /* AccountModel */ = {
			isa = PBXGroup;
			children = (
			);
			path = AccountModel;
			sourceTree = "<group>";
		};
/* End PBXGroup section */

/* Begin PBXNativeTarget section */
		BA52A9081F5E50B7001E7608 /* testWeChat */ = {
			isa = PBXNativeTarget;
			buildConfigurationList = BA52A9201F5E50B7001E7608 /* Build configuration list for PBXNativeTarget "testWeChat" */;
			buildPhases = (
				BA52A9051F5E50B7001E7608 /* Sources */,
				BA52A9061F5E50B7001E7608 /* Frameworks */,
				BA52A9071F5E50B7001E7608 /* Resources */,
			);
			buildRules = (
			);
			dependencies = (
			);
			name = testWeChat;
			productName = testWeChat;
			productReference = BA52A9091F5E50B7001E7608 /* testWeChat.app */;
			productType = "com.apple.product-type.application";
		};
/* End PBXNativeTarget section */

/* Begin PBXProject section */
		BA52A9011F5E50B7001E7608 /* Project object */ = {
			isa = PBXProject;
			attributes = {
				LastUpgradeCheck = 0830;
				ORGANIZATIONNAME = Telsa_Chen;
				TargetAttributes = {
					BA52A9081F5E50B7001E7608 = {
						CreatedOnToolsVersion = 8.3.2;
						DevelopmentTeam = RUC4M4RM64;
						ProvisioningStyle = Automatic;
					};
				};
			};
			buildConfigurationList = BA52A9041F5E50B7001E7608 /* Build configuration list for PBXProject "testWeChat" */;
			compatibilityVersion = "Xcode 3.2";
			developmentRegion = English;
			hasScannedForEncodings = 0;
			knownRegions = (
				en,
				Base,
			);
			mainGroup = BA52A9001F5E50B7001E7608;
			productRefGroup = BA52A90A1F5E50B7001E7608 /* Products */;
			projectDirPath = "";
			projectRoot = "";
			targets = (
				BA52A9081F5E50B7001E7608 /* testWeChat */,
			);
		};
/* End PBXProject section */

/* Begin PBXResourcesBuildPhase section */
		BA52A9071F5E50B7001E7608 /* Resources */ = {
			isa = PBXResourcesBuildPhase;
			buildActionMask = 2147483647;
			files = (
				BA52A91C1F5E50B7001E7608 /* LaunchScreen.storyboard in Resources */,
				BA52A9191F5E50B7001E7608 /* Assets.xcassets in Resources */,
				BA52A9171F5E50B7001E7608 /* Main.storyboard in Resources */,
			);
			runOnlyForDeploymentPostprocessing = 0;
		};
/* End PBXResourcesBuildPhase section */

/* Begin PBXSourcesBuildPhase section */
		BA52A9051F5E50B7001E7608 /* Sources */ = {
			isa = PBXSourcesBuildPhase;
			buildActionMask = 2147483647;
			files = (
				BAFAD54D1FA867E800B8C9E5 /* BaseStarBucksViewController.m in Sources */,
				BA52A9141F5E50B7001E7608 /* ViewController.m in Sources */,
				BAFAD5591FA86D7D00B8C9E5 /* StoresViewController.m in Sources */,
				BAFAD5531FA8688700B8C9E5 /* AccountViewController.m in Sources */,
				BA52A9111F5E50B7001E7608 /* AppDelegate.m in Sources */,
				BAFAD5561FA868B100B8C9E5 /* StarGiftCardViewController.m in Sources */,
				BA52A90E1F5E50B7001E7608 /* main.m in Sources */,
				BAFAD53E1FA8621800B8C9E5 /* BaseTabBarViewController.m in Sources */,
				BAFAD5501FA8683F00B8C9E5 /* HomeViewController.m in Sources */,
			);
			runOnlyForDeploymentPostprocessing = 0;
		};
/* End PBXSourcesBuildPhase section */

/* Begin PBXVariantGroup section */
		BA52A9151F5E50B7001E7608 /* Main.storyboard */ = {
			isa = PBXVariantGroup;
			children = (
				BA52A9161F5E50B7001E7608 /* Base */,
			);
			name = Main.storyboard;
			sourceTree = "<group>";
		};
		BA52A91A1F5E50B7001E7608 /* LaunchScreen.storyboard */ = {
			isa = PBXVariantGroup;
			children = (
				BA52A91B1F5E50B7001E7608 /* Base */,
			);
			name = LaunchScreen.storyboard;
			sourceTree = "<group>";
		};
/* End PBXVariantGroup section */

/* Begin XCBuildConfiguration section */
		BA52A91E1F5E50B7001E7608 /* Debug */ = {
			isa = XCBuildConfiguration;
			buildSettings = {
				ALWAYS_SEARCH_USER_PATHS = NO;
				CLANG_ANALYZER_NONNULL = YES;
				CLANG_ANALYZER_NUMBER_OBJECT_CONVERSION = YES_AGGRESSIVE;
				CLANG_CXX_LANGUAGE_STANDARD = "gnu++0x";
				CLANG_CXX_LIBRARY = "libc++";
				CLANG_ENABLE_MODULES = YES;
				CLANG_ENABLE_OBJC_ARC = YES;
				CLANG_WARN_BOOL_CONVERSION = YES;
				CLANG_WARN_CONSTANT_CONVERSION = YES;
				CLANG_WARN_DIRECT_OBJC_ISA_USAGE = YES_ERROR;
				CLANG_WARN_DOCUMENTATION_COMMENTS = YES;
				CLANG_WARN_EMPTY_BODY = YES;
				CLANG_WARN_ENUM_CONVERSION = YES;
				CLANG_WARN_INFINITE_RECURSION = YES;
				CLANG_WARN_INT_CONVERSION = YES;
				CLANG_WARN_OBJC_ROOT_CLASS = YES_ERROR;
				CLANG_WARN_SUSPICIOUS_MOVE = YES;
				CLANG_WARN_UNREACHABLE_CODE = YES;
				CLANG_WARN__DUPLICATE_METHOD_MATCH = YES;
				"CODE_SIGN_IDENTITY[sdk=iphoneos*]" = "iPhone Developer";
				COPY_PHASE_STRIP = NO;
				DEBUG_INFORMATION_FORMAT = dwarf;
				ENABLE_STRICT_OBJC_MSGSEND = YES;
				ENABLE_TESTABILITY = YES;
				GCC_C_LANGUAGE_STANDARD = gnu99;
				GCC_DYNAMIC_NO_PIC = NO;
				GCC_NO_COMMON_BLOCKS = YES;
				GCC_OPTIMIZATION_LEVEL = 0;
				GCC_PREPROCESSOR_DEFINITIONS = (
					"DEBUG=1",
					"$(inherited)",
				);
				GCC_WARN_64_TO_32_BIT_CONVERSION = YES;
				GCC_WARN_ABOUT_RETURN_TYPE = YES_ERROR;
				GCC_WARN_UNDECLARED_SELECTOR = YES;
				GCC_WARN_UNINITIALIZED_AUTOS = YES_AGGRESSIVE;
				GCC_WARN_UNUSED_FUNCTION = YES;
				GCC_WARN_UNUSED_VARIABLE = YES;
				IPHONEOS_DEPLOYMENT_TARGET = 10.3;
				MTL_ENABLE_DEBUG_INFO = YES;
				ONLY_ACTIVE_ARCH = YES;
				SDKROOT = iphoneos;
			};
			name = Debug;
		};
		BA52A91F1F5E50B7001E7608 /* Release */ = {
			isa = XCBuildConfiguration;
			buildSettings = {
				ALWAYS_SEARCH_USER_PATHS = NO;
				CLANG_ANALYZER_NONNULL = YES;
				CLANG_ANALYZER_NUMBER_OBJECT_CONVERSION = YES_AGGRESSIVE;
				CLANG_CXX_LANGUAGE_STANDARD = "gnu++0x";
				CLANG_CXX_LIBRARY = "libc++";
				CLANG_ENABLE_MODULES = YES;
				CLANG_ENABLE_OBJC_ARC = YES;
				CLANG_WARN_BOOL_CONVERSION = YES;
				CLANG_WARN_CONSTANT_CONVERSION = YES;
				CLANG_WARN_DIRECT_OBJC_ISA_USAGE = YES_ERROR;
				CLANG_WARN_DOCUMENTATION_COMMENTS = YES;
				CLANG_WARN_EMPTY_BODY = YES;
				CLANG_WARN_ENUM_CONVERSION = YES;
				CLANG_WARN_INFINITE_RECURSION = YES;
				CLANG_WARN_INT_CONVERSION = YES;
				CLANG_WARN_OBJC_ROOT_CLASS = YES_ERROR;
				CLANG_WARN_SUSPICIOUS_MOVE = YES;
				CLANG_WARN_UNREACHABLE_CODE = YES;
				CLANG_WARN__DUPLICATE_METHOD_MATCH = YES;
				"CODE_SIGN_IDENTITY[sdk=iphoneos*]" = "iPhone Developer";
				COPY_PHASE_STRIP = NO;
				DEBUG_INFORMATION_FORMAT = "dwarf-with-dsym";
				ENABLE_NS_ASSERTIONS = NO;
				ENABLE_STRICT_OBJC_MSGSEND = YES;
				GCC_C_LANGUAGE_STANDARD = gnu99;
				GCC_NO_COMMON_BLOCKS = YES;
				GCC_WARN_64_TO_32_BIT_CONVERSION = YES;
				GCC_WARN_ABOUT_RETURN_TYPE = YES_ERROR;
				GCC_WARN_UNDECLARED_SELECTOR = YES;
				GCC_WARN_UNINITIALIZED_AUTOS = YES_AGGRESSIVE;
				GCC_WARN_UNUSED_FUNCTION = YES;
				GCC_WARN_UNUSED_VARIABLE = YES;
				IPHONEOS_DEPLOYMENT_TARGET = 10.3;
				MTL_ENABLE_DEBUG_INFO = NO;
				SDKROOT = iphoneos;
				VALIDATE_PRODUCT = YES;
			};
			name = Release;
		};
		BA52A9211F5E50B7001E7608 /* Debug */ = {
			isa = XCBuildConfiguration;
			buildSettings = {
				ASSETCATALOG_COMPILER_APPICON_NAME = AppIcon;
				"CODE_SIGN_IDENTITY[sdk=iphoneos*]" = "iPhone Developer";
				DEVELOPMENT_TEAM = RUC4M4RM64;
				INFOPLIST_FILE = testWeChat/Info.plist;
				IPHONEOS_DEPLOYMENT_TARGET = 9.0;
				LD_RUNPATH_SEARCH_PATHS = "$(inherited) @executable_path/Frameworks";
				PRODUCT_BUNDLE_IDENTIFIER = testWeChat;
				PRODUCT_NAME = "$(TARGET_NAME)";
				PROVISIONING_PROFILE_SPECIFIER = "";
			};
			name = Debug;
		};
		BA52A9221F5E50B7001E7608 /* Release */ = {
			isa = XCBuildConfiguration;
			buildSettings = {
				ASSETCATALOG_COMPILER_APPICON_NAME = AppIcon;
				"CODE_SIGN_IDENTITY[sdk=iphoneos*]" = "iPhone Developer";
				DEVELOPMENT_TEAM = RUC4M4RM64;
				INFOPLIST_FILE = testWeChat/Info.plist;
				IPHONEOS_DEPLOYMENT_TARGET = 9.0;
				LD_RUNPATH_SEARCH_PATHS = "$(inherited) @executable_path/Frameworks";
				PRODUCT_BUNDLE_IDENTIFIER = testWeChat;
				PRODUCT_NAME = "$(TARGET_NAME)";
				PROVISIONING_PROFILE_SPECIFIER = "";
			};
			name = Release;
		};
/* End XCBuildConfiguration section */

/* Begin XCConfigurationList section */
		BA52A9041F5E50B7001E7608 /* Build configuration list for PBXProject "testWeChat" */ = {
			isa = XCConfigurationList;
			buildConfigurations = (
				BA52A91E1F5E50B7001E7608 /* Debug */,
				BA52A91F1F5E50B7001E7608 /* Release */,
			);
			defaultConfigurationIsVisible = 0;
			defaultConfigurationName = Release;
		};
		BA52A9201F5E50B7001E7608 /* Build configuration list for PBXNativeTarget "testWeChat" */ = {
			isa = XCConfigurationList;
			buildConfigurations = (
				BA52A9211F5E50B7001E7608 /* Debug */,
				BA52A9221F5E50B7001E7608 /* Release */,
			);
			defaultConfigurationIsVisible = 0;
			defaultConfigurationName = Release;
		};
/* End XCConfigurationList section */
	};
	rootObject = BA52A9011F5E50B7001E7608 /* Project object */;
}
